PODS:
  - 1PasswordExtension (1.8.5)
  - SwiftLint (0.25.0)
  - SwiftyJSON (4.0.0)

DEPENDENCIES:
  - 1PasswordExtension (~> 1.8.4)
  - SwiftLint
  - SwiftyJSON

SPEC REPOS:
  https://github.com/cocoapods/specs.git:
    - 1PasswordExtension
    - SwiftLint
    - SwiftyJSON

SPEC CHECKSUMS:
  1PasswordExtension: 0e95bdea64ec8ff2f4f693be5467a09fac42a83d
  SwiftLint: e14651157288e9e01d6e1a71db7014fb5744a8ea
  SwiftyJSON: 070dabdcb1beb81b247c65ffa3a79dbbfb3b48aa

PODFILE CHECKSUM: d8eb5bda8d9fdef55be043ba46e1245eb88ec093

COCOAPODS: 1.5.3
