// !$*UTF8*$!
{
	archiveVersion = 1;
	classes = {
	};
	objectVersion = 46;
	objects = {

/* Begin PBXBuildFile section */
		2DCBCAE350BA34FBF1FAAC0B /* Pods_browseUITests.framework in Frameworks */ = {isa = PBXBuildFile; fileRef = 59786C71254C3E45B35E124B /* Pods_browseUITests.framework */; };
		A907DBA8205C9C5C009554C9 /* Blend.swift in Sources */ = {isa = PBXBuildFile; fileRef = A907DBA7205C9C5C009554C9 /* Blend.swift */; };
		A907DBAA205CFAB4009554C9 /* Visit+snapshot.swift in Sources */ = {isa = PBXBuildFile; fileRef = A907DBA9205CFAB4009554C9 /* Visit+snapshot.swift */; };
		A907DBAC205DB055009554C9 /* Tab+Extensions.swift in Sources */ = {isa = PBXBuildFile; fileRef = A907DBAB205DB055009554C9 /* Tab+Extensions.swift */; };
		A907DBAE205DB7A6009554C9 /* WebViewManager.swift in Sources */ = {isa = PBXBuildFile; fileRef = A907DBAD205DB7A6009554C9 /* WebViewManager.swift */; };
		A908920A1ED547C500A5E9BA /* ToolbarSearchField.swift in Sources */ = {isa = PBXBuildFile; fileRef = A90892091ED547C500A5E9BA /* ToolbarSearchField.swift */; };
		A908F04C1ECD03B800A74241 /* ColorStatusBarView.swift in Sources */ = {isa = PBXBuildFile; fileRef = A908F04B1ECD03B800A74241 /* ColorStatusBarView.swift */; };
		A90ED966201EDB26003F4831 /* FloatButton.swift in Sources */ = {isa = PBXBuildFile; fileRef = A90ED965201EDB26003F4831 /* FloatButton.swift */; };
		A90F51211F70C6CB00221815 /* UIImageColors.swift in Sources */ = {isa = PBXBuildFile; fileRef = A90F51201F70C6CB00221815 /* UIImageColors.swift */; };
		A91372071F777511002C160B /* ultimateAdblockList.json in Resources */ = {isa = PBXBuildFile; fileRef = A91372061F777511002C160B /* ultimateAdblockList.json */; };
		A92095841ED90E7B009497A2 /* Blocker.swift in Sources */ = {isa = PBXBuildFile; fileRef = A92095831ED90E7B009497A2 /* Blocker.swift */; };
		A92095861ED9E242009497A2 /* SettingsViewController.swift in Sources */ = {isa = PBXBuildFile; fileRef = A92095851ED9E241009497A2 /* SettingsViewController.swift */; };
		A92095881ED9E3C0009497A2 /* SettingsTableViewCell.swift in Sources */ = {isa = PBXBuildFile; fileRef = A92095871ED9E3C0009497A2 /* SettingsTableViewCell.swift */; };
		A920958A1EDA6526009497A2 /* Settings.swift in Sources */ = {isa = PBXBuildFile; fileRef = A92095891EDA6526009497A2 /* Settings.swift */; };
		A920958F1EDF4AB8009497A2 /* StackAnimatedTransitioning.swift in Sources */ = {isa = PBXBuildFile; fileRef = A920958E1EDF4AB8009497A2 /* StackAnimatedTransitioning.swift */; };
		A92095911EE34CDC009497A2 /* TabSwitcherViewController.swift in Sources */ = {isa = PBXBuildFile; fileRef = A92095901EE34CDC009497A2 /* TabSwitcherViewController.swift */; };
		A92095931EE36483009497A2 /* DismissableTabCell.swift in Sources */ = {isa = PBXBuildFile; fileRef = A92095921EE36483009497A2 /* DismissableTabCell.swift */; };
		A92095951EE3E0DA009497A2 /* ToolbarTouchView.swift in Sources */ = {isa = PBXBuildFile; fileRef = A92095941EE3E0DA009497A2 /* ToolbarTouchView.swift */; };
		A92095971EE3E2AF009497A2 /* ToolbarIconButton.swift in Sources */ = {isa = PBXBuildFile; fileRef = A92095961EE3E2AF009497A2 /* ToolbarIconButton.swift */; };
		A9210D511F0148E600904A0B /* URL+DisplayHost.swift in Sources */ = {isa = PBXBuildFile; fileRef = A9210D501F0148E600904A0B /* URL+DisplayHost.swift */; };
		A925E3E820486A62005778A0 /* SearchTextView.swift in Sources */ = {isa = PBXBuildFile; fileRef = A925E3E720486A62005778A0 /* SearchTextView.swift */; };
		A925E3EA204CCE2B005778A0 /* PlainBlurView.swift in Sources */ = {isa = PBXBuildFile; fileRef = A925E3E9204CCE2B005778A0 /* PlainBlurView.swift */; };
		A92C9C391EF5D66B00D8AAA3 /* BrowserViewController+WKNavigationDelegate.swift in Sources */ = {isa = PBXBuildFile; fileRef = A92C9C381EF5D66B00D8AAA3 /* BrowserViewController+WKNavigationDelegate.swift */; };
		A92C9C3B1EF8B5E600D8AAA3 /* BrowserGestureController.swift in Sources */ = {isa = PBXBuildFile; fileRef = A92C9C3A1EF8B5E600D8AAA3 /* BrowserGestureController.swift */; };
		A9404D0F20633E840004DD83 /* ultimateAdblockListCSS.json in Resources */ = {isa = PBXBuildFile; fileRef = A9404D0E20633E840004DD83 /* ultimateAdblockListCSS.json */; };
		A9447A2D2027F48000654572 /* TypeaheadProvider.swift in Sources */ = {isa = PBXBuildFile; fileRef = A9447A2C2027F48000654572 /* TypeaheadProvider.swift */; };
		A94FE41F1ECA5A7400ED48DB /* UIColorExtensions.swift in Sources */ = {isa = PBXBuildFile; fileRef = A94FE41E1ECA5A7400ED48DB /* UIColorExtensions.swift */; };
		A94FE4211ECA661700ED48DB /* Sampler.swift in Sources */ = {isa = PBXBuildFile; fileRef = A94FE4201ECA661700ED48DB /* Sampler.swift */; };
		A9526D4D1ED238C300A73A8A /* WebNavigationController.swift in Sources */ = {isa = PBXBuildFile; fileRef = A9526D4C1ED238C300A73A8A /* WebNavigationController.swift */; };
		A95DFF7520575F2500D540DD /* UIView+POP.swift in Sources */ = {isa = PBXBuildFile; fileRef = A95DFF7420575F2400D540DD /* UIView+POP.swift */; };
		A95DFF7720575FDF00D540DD /* SpringSwitch.swift in Sources */ = {isa = PBXBuildFile; fileRef = A95DFF7620575FDF00D540DD /* SpringSwitch.swift */; };
		A95DFF7B2058BEC600D540DD /* Blendable.swift in Sources */ = {isa = PBXBuildFile; fileRef = A95DFF7A2058BEC600D540DD /* Blendable.swift */; };
		A95DFF7E205B2FB700D540DD /* HistoryModel.xcdatamodeld in Sources */ = {isa = PBXBuildFile; fileRef = A95DFF7C205B2FB700D540DD /* HistoryModel.xcdatamodeld */; };
		A95DFFBF205B6A8F00D540DD /* HistoryManager.swift in Sources */ = {isa = PBXBuildFile; fileRef = A95DFFBE205B6A8F00D540DD /* HistoryManager.swift */; };
		A9667E922051F90400295E76 /* PinboardLoginController.swift in Sources */ = {isa = PBXBuildFile; fileRef = A9667E912051F90400295E76 /* PinboardLoginController.swift */; };
		A9667E94205339B500295E76 /* BlobCollectionViewLayout.swift in Sources */ = {isa = PBXBuildFile; fileRef = A9667E93205339B500295E76 /* BlobCollectionViewLayout.swift */; };
		A966CA64204003FC00EB2771 /* TypeaheadCell.swift in Sources */ = {isa = PBXBuildFile; fileRef = A966CA63204003FC00EB2771 /* TypeaheadCell.swift */; };
		A969D4A51F1321EC008A7BC6 /* Constants.swift in Sources */ = {isa = PBXBuildFile; fileRef = A969D4A41F1321EC008A7BC6 /* Constants.swift */; };
		A97BF8311EF3B5B900B9ECB4 /* BrowserViewController+WKUIDelegate.swift in Sources */ = {isa = PBXBuildFile; fileRef = A97BF8301EF3B5B900B9ECB4 /* BrowserViewController+WKUIDelegate.swift */; };
		A97CB0701EC53DCD005DDBD1 /* AppDelegate.swift in Sources */ = {isa = PBXBuildFile; fileRef = A97CB06F1EC53DCD005DDBD1 /* AppDelegate.swift */; };
		A97CB0721EC53DCD005DDBD1 /* BrowserViewController.swift in Sources */ = {isa = PBXBuildFile; fileRef = A97CB0711EC53DCD005DDBD1 /* BrowserViewController.swift */; };
		A97CB0751EC53DCD005DDBD1 /* Main.storyboard in Resources */ = {isa = PBXBuildFile; fileRef = A97CB0731EC53DCD005DDBD1 /* Main.storyboard */; };
		A97CB0771EC53DCD005DDBD1 /* Assets.xcassets in Resources */ = {isa = PBXBuildFile; fileRef = A97CB0761EC53DCD005DDBD1 /* Assets.xcassets */; };
		A97CB0851EC53DCD005DDBD1 /* browseTests.swift in Sources */ = {isa = PBXBuildFile; fileRef = A97CB0841EC53DCD005DDBD1 /* browseTests.swift */; };
		A97CB0901EC53DCD005DDBD1 /* browseUITests.swift in Sources */ = {isa = PBXBuildFile; fileRef = A97CB08F1EC53DCD005DDBD1 /* browseUITests.swift */; };
		A98466731FF0F9170009FC12 /* Utils.swift in Sources */ = {isa = PBXBuildFile; fileRef = A98466721FF0F9170009FC12 /* Utils.swift */; };
		A98483281EEFCFE200E821AE /* ColorToolbarView.swift in Sources */ = {isa = PBXBuildFile; fileRef = A98483271EEFCFE200E821AE /* ColorToolbarView.swift */; };
		A985F89B20831361007A726A /* HistoryTreeViewController.swift in Sources */ = {isa = PBXBuildFile; fileRef = A985F89A20831361007A726A /* HistoryTreeViewController.swift */; };
		A985F89D20831FD5007A726A /* HistoryTreeLayout.swift in Sources */ = {isa = PBXBuildFile; fileRef = A985F89C20831FD5007A726A /* HistoryTreeLayout.swift */; };
		A985F89F2083FB6B007A726A /* VisitCell.swift in Sources */ = {isa = PBXBuildFile; fileRef = A985F89E2083FB6B007A726A /* VisitCell.swift */; };
		A985F8A620843D8C007A726A /* disconnect-advertising.json in Resources */ = {isa = PBXBuildFile; fileRef = A985F8A220843D8B007A726A /* disconnect-advertising.json */; };
		A985F8A720843D8C007A726A /* disconnect-analytics.json in Resources */ = {isa = PBXBuildFile; fileRef = A985F8A320843D8B007A726A /* disconnect-analytics.json */; };
		A985F8A820843D8C007A726A /* disconnect-social.json in Resources */ = {isa = PBXBuildFile; fileRef = A985F8A420843D8C007A726A /* disconnect-social.json */; };
		A985F8A920843D8C007A726A /* disconnect-content.json in Resources */ = {isa = PBXBuildFile; fileRef = A985F8A520843D8C007A726A /* disconnect-content.json */; };
		A99328471F098E270045EBAA /* ToolbarTextButton.swift in Sources */ = {isa = PBXBuildFile; fileRef = A99328461F098E270045EBAA /* ToolbarTextButton.swift */; };
		A9A88DE92015C64F007FC6C0 /* GradientView.swift in Sources */ = {isa = PBXBuildFile; fileRef = A9A88DE82015C64F007FC6C0 /* GradientView.swift */; };
		A9AA4A581FF72471001AB639 /* PlaceholderView.swift in Sources */ = {isa = PBXBuildFile; fileRef = A9AA4A571FF72471001AB639 /* PlaceholderView.swift */; };
		A9B99797203791DB00841404 /* SearchViewController.swift in Sources */ = {isa = PBXBuildFile; fileRef = A9B99796203791DB00841404 /* SearchViewController.swift */; };
		A9B9979920380C8A00841404 /* SearchTransitionController.swift in Sources */ = {isa = PBXBuildFile; fileRef = A9B9979820380C8A00841404 /* SearchTransitionController.swift */; };
		A9BED7BD1F4E23430012B34F /* GradientColorChangeView.swift in Sources */ = {isa = PBXBuildFile; fileRef = A9BED7BC1F4E23430012B34F /* GradientColorChangeView.swift */; };
		A9D4B8C11F72F6D6006F0F18 /* Launch Screen.storyboard in Resources */ = {isa = PBXBuildFile; fileRef = A9D4B8C01F72F6D6006F0F18 /* Launch Screen.storyboard */; };
		A9DEAE3D1F16C15700CF66BA /* BrowserToolbarView.swift in Sources */ = {isa = PBXBuildFile; fileRef = A9DEAE3C1F16C15700CF66BA /* BrowserToolbarView.swift */; };
		A9E422811F86B4FD0028B4CA /* TabStackingLayout.swift in Sources */ = {isa = PBXBuildFile; fileRef = A9E422801F86B4FD0028B4CA /* TabStackingLayout.swift */; };
		A9E4859D1EC8D7BE0021D155 /* WebviewColorSampler.swift in Sources */ = {isa = PBXBuildFile; fileRef = A9E4859C1EC8D7BE0021D155 /* WebviewColorSampler.swift */; };
		A9EF36D51F4A6451005112E2 /* WKWebview+Toolbar.swift in Sources */ = {isa = PBXBuildFile; fileRef = A9EF36D41F4A6451005112E2 /* WKWebview+Toolbar.swift */; };
		A9F9D7BB204E0BAF000BA8A3 /* PageActionView.swift in Sources */ = {isa = PBXBuildFile; fileRef = A9F9D7BA204E0BAF000BA8A3 /* PageActionView.swift */; };
		A9F9D7BD20509F2D000BA8A3 /* Settings.bundle in Resources */ = {isa = PBXBuildFile; fileRef = A9F9D7BC20509F2D000BA8A3 /* Settings.bundle */; };
		A9F9D7C02050B8BA000BA8A3 /* DuckSearchProvider.swift in Sources */ = {isa = PBXBuildFile; fileRef = A9F9D7BF2050B8BA000BA8A3 /* DuckSearchProvider.swift */; };
		A9F9D7C22050B8F3000BA8A3 /* GoogleSearchProvider.swift in Sources */ = {isa = PBXBuildFile; fileRef = A9F9D7C12050B8F3000BA8A3 /* GoogleSearchProvider.swift */; };
		A9F9D7C42050B93A000BA8A3 /* SearchProvider.swift in Sources */ = {isa = PBXBuildFile; fileRef = A9F9D7C32050B93A000BA8A3 /* SearchProvider.swift */; };
		A9F9D7C6205117B2000BA8A3 /* BookmarkProvider.swift in Sources */ = {isa = PBXBuildFile; fileRef = A9F9D7C5205117B2000BA8A3 /* BookmarkProvider.swift */; };
		E7FD11F16B9CF60BCBD3DD19 /* Pods_browseTests.framework in Frameworks */ = {isa = PBXBuildFile; fileRef = C40CC59AFABD40322DFCDDD7 /* Pods_browseTests.framework */; };
		F64D20A87990C82DA660E905 /* Pods_browse.framework in Frameworks */ = {isa = PBXBuildFile; fileRef = A7CBD4E92318735B3DA34E02 /* Pods_browse.framework */; };
/* End PBXBuildFile section */

/* Begin PBXContainerItemProxy section */
		A97CB0811EC53DCD005DDBD1 /* PBXContainerItemProxy */ = {
			isa = PBXContainerItemProxy;
			containerPortal = A97CB0641EC53DCC005DDBD1 /* Project object */;
			proxyType = 1;
			remoteGlobalIDString = A97CB06B1EC53DCC005DDBD1;
			remoteInfo = browse;
		};
		A97CB08C1EC53DCD005DDBD1 /* PBXContainerItemProxy */ = {
			isa = PBXContainerItemProxy;
			containerPortal = A97CB0641EC53DCC005DDBD1 /* Project object */;
			proxyType = 1;
			remoteGlobalIDString = A97CB06B1EC53DCC005DDBD1;
			remoteInfo = browse;
		};
/* End PBXContainerItemProxy section */

/* Begin PBXFileReference section */
		08DF207E4D450D465A7942EE /* Pods-browse.release.xcconfig */ = {isa = PBXFileReference; includeInIndex = 1; lastKnownFileType = text.xcconfig; name = "Pods-browse.release.xcconfig"; path = "Pods/Target Support Files/Pods-browse/Pods-browse.release.xcconfig"; sourceTree = "<group>"; };
		113B5A3B285AC3BEAA0A45AF /* Pods-browseUITests.debug.xcconfig */ = {isa = PBXFileReference; includeInIndex = 1; lastKnownFileType = text.xcconfig; name = "Pods-browseUITests.debug.xcconfig"; path = "Pods/Target Support Files/Pods-browseUITests/Pods-browseUITests.debug.xcconfig"; sourceTree = "<group>"; };
		40A80C7A995610D856E3CE48 /* Pods-browseTests.release.xcconfig */ = {isa = PBXFileReference; includeInIndex = 1; lastKnownFileType = text.xcconfig; name = "Pods-browseTests.release.xcconfig"; path = "Pods/Target Support Files/Pods-browseTests/Pods-browseTests.release.xcconfig"; sourceTree = "<group>"; };
		4259AE736B0E478FAD4CD3D8 /* Pods-browseUITests.release.xcconfig */ = {isa = PBXFileReference; includeInIndex = 1; lastKnownFileType = text.xcconfig; name = "Pods-browseUITests.release.xcconfig"; path = "Pods/Target Support Files/Pods-browseUITests/Pods-browseUITests.release.xcconfig"; sourceTree = "<group>"; };
		59786C71254C3E45B35E124B /* Pods_browseUITests.framework */ = {isa = PBXFileReference; explicitFileType = wrapper.framework; includeInIndex = 0; path = Pods_browseUITests.framework; sourceTree = BUILT_PRODUCTS_DIR; };
		9F545EFABCF9F87A9BBE6214 /* Pods-browseTests.debug.xcconfig */ = {isa = PBXFileReference; includeInIndex = 1; lastKnownFileType = text.xcconfig; name = "Pods-browseTests.debug.xcconfig"; path = "Pods/Target Support Files/Pods-browseTests/Pods-browseTests.debug.xcconfig"; sourceTree = "<group>"; };
		A7CBD4E92318735B3DA34E02 /* Pods_browse.framework */ = {isa = PBXFileReference; explicitFileType = wrapper.framework; includeInIndex = 0; path = Pods_browse.framework; sourceTree = BUILT_PRODUCTS_DIR; };
		A907DBA7205C9C5C009554C9 /* Blend.swift */ = {isa = PBXFileReference; lastKnownFileType = sourcecode.swift; path = Blend.swift; sourceTree = "<group>"; };
		A907DBA9205CFAB4009554C9 /* Visit+snapshot.swift */ = {isa = PBXFileReference; lastKnownFileType = sourcecode.swift; path = "Visit+snapshot.swift"; sourceTree = "<group>"; };
		A907DBAB205DB055009554C9 /* Tab+Extensions.swift */ = {isa = PBXFileReference; lastKnownFileType = sourcecode.swift; path = "Tab+Extensions.swift"; sourceTree = "<group>"; };
		A907DBAD205DB7A6009554C9 /* WebViewManager.swift */ = {isa = PBXFileReference; lastKnownFileType = sourcecode.swift; path = WebViewManager.swift; sourceTree = "<group>"; };
		A90892091ED547C500A5E9BA /* ToolbarSearchField.swift */ = {isa = PBXFileReference; fileEncoding = 4; lastKnownFileType = sourcecode.swift; path = ToolbarSearchField.swift; sourceTree = "<group>"; };
		A908F04B1ECD03B800A74241 /* ColorStatusBarView.swift */ = {isa = PBXFileReference; fileEncoding = 4; lastKnownFileType = sourcecode.swift; path = ColorStatusBarView.swift; sourceTree = "<group>"; };
		A90ED965201EDB26003F4831 /* FloatButton.swift */ = {isa = PBXFileReference; lastKnownFileType = sourcecode.swift; path = FloatButton.swift; sourceTree = "<group>"; };
		A90F51201F70C6CB00221815 /* UIImageColors.swift */ = {isa = PBXFileReference; lastKnownFileType = sourcecode.swift; path = UIImageColors.swift; sourceTree = "<group>"; };
		A91372061F777511002C160B /* ultimateAdblockList.json */ = {isa = PBXFileReference; fileEncoding = 4; lastKnownFileType = text.json; path = ultimateAdblockList.json; sourceTree = "<group>"; };
		A92095831ED90E7B009497A2 /* Blocker.swift */ = {isa = PBXFileReference; fileEncoding = 4; lastKnownFileType = sourcecode.swift; path = Blocker.swift; sourceTree = "<group>"; };
		A92095851ED9E241009497A2 /* SettingsViewController.swift */ = {isa = PBXFileReference; fileEncoding = 4; lastKnownFileType = sourcecode.swift; path = SettingsViewController.swift; sourceTree = "<group>"; };
		A92095871ED9E3C0009497A2 /* SettingsTableViewCell.swift */ = {isa = PBXFileReference; fileEncoding = 4; lastKnownFileType = sourcecode.swift; path = SettingsTableViewCell.swift; sourceTree = "<group>"; };
		A92095891EDA6526009497A2 /* Settings.swift */ = {isa = PBXFileReference; fileEncoding = 4; lastKnownFileType = sourcecode.swift; path = Settings.swift; sourceTree = "<group>"; };
		A920958E1EDF4AB8009497A2 /* StackAnimatedTransitioning.swift */ = {isa = PBXFileReference; fileEncoding = 4; lastKnownFileType = sourcecode.swift; path = StackAnimatedTransitioning.swift; sourceTree = "<group>"; };
		A92095901EE34CDC009497A2 /* TabSwitcherViewController.swift */ = {isa = PBXFileReference; fileEncoding = 4; lastKnownFileType = sourcecode.swift; path = TabSwitcherViewController.swift; sourceTree = "<group>"; };
		A92095921EE36483009497A2 /* DismissableTabCell.swift */ = {isa = PBXFileReference; fileEncoding = 4; lastKnownFileType = sourcecode.swift; path = DismissableTabCell.swift; sourceTree = "<group>"; };
		A92095941EE3E0DA009497A2 /* ToolbarTouchView.swift */ = {isa = PBXFileReference; fileEncoding = 4; lastKnownFileType = sourcecode.swift; path = ToolbarTouchView.swift; sourceTree = "<group>"; };
		A92095961EE3E2AF009497A2 /* ToolbarIconButton.swift */ = {isa = PBXFileReference; fileEncoding = 4; lastKnownFileType = sourcecode.swift; path = ToolbarIconButton.swift; sourceTree = "<group>"; };
		A9210D501F0148E600904A0B /* URL+DisplayHost.swift */ = {isa = PBXFileReference; fileEncoding = 4; lastKnownFileType = sourcecode.swift; path = "URL+DisplayHost.swift"; sourceTree = "<group>"; };
		A925E3E720486A62005778A0 /* SearchTextView.swift */ = {isa = PBXFileReference; lastKnownFileType = sourcecode.swift; path = SearchTextView.swift; sourceTree = "<group>"; };
		A925E3E9204CCE2B005778A0 /* PlainBlurView.swift */ = {isa = PBXFileReference; lastKnownFileType = sourcecode.swift; path = PlainBlurView.swift; sourceTree = "<group>"; };
		A92C9C381EF5D66B00D8AAA3 /* BrowserViewController+WKNavigationDelegate.swift */ = {isa = PBXFileReference; fileEncoding = 4; lastKnownFileType = sourcecode.swift; path = "BrowserViewController+WKNavigationDelegate.swift"; sourceTree = "<group>"; };
		A92C9C3A1EF8B5E600D8AAA3 /* BrowserGestureController.swift */ = {isa = PBXFileReference; fileEncoding = 4; lastKnownFileType = sourcecode.swift; path = BrowserGestureController.swift; sourceTree = "<group>"; };
		A9404D0E20633E840004DD83 /* ultimateAdblockListCSS.json */ = {isa = PBXFileReference; fileEncoding = 4; lastKnownFileType = text.json; path = ultimateAdblockListCSS.json; sourceTree = "<group>"; };
		A9446E9A1ECEBFC40082B4D9 /* Bridging-Header.h */ = {isa = PBXFileReference; fileEncoding = 4; lastKnownFileType = sourcecode.c.h; path = "Bridging-Header.h"; sourceTree = "<group>"; };
		A9447A2C2027F48000654572 /* TypeaheadProvider.swift */ = {isa = PBXFileReference; lastKnownFileType = sourcecode.swift; path = TypeaheadProvider.swift; sourceTree = "<group>"; };
		A94FE41E1ECA5A7400ED48DB /* UIColorExtensions.swift */ = {isa = PBXFileReference; fileEncoding = 4; lastKnownFileType = sourcecode.swift; path = UIColorExtensions.swift; sourceTree = "<group>"; };
		A94FE4201ECA661700ED48DB /* Sampler.swift */ = {isa = PBXFileReference; fileEncoding = 4; lastKnownFileType = sourcecode.swift; path = Sampler.swift; sourceTree = "<group>"; };
		A9526D4C1ED238C300A73A8A /* WebNavigationController.swift */ = {isa = PBXFileReference; fileEncoding = 4; lastKnownFileType = sourcecode.swift; path = WebNavigationController.swift; sourceTree = "<group>"; };
		A95DFF7420575F2400D540DD /* UIView+POP.swift */ = {isa = PBXFileReference; fileEncoding = 4; lastKnownFileType = sourcecode.swift; path = "UIView+POP.swift"; sourceTree = "<group>"; };
		A95DFF7620575FDF00D540DD /* SpringSwitch.swift */ = {isa = PBXFileReference; lastKnownFileType = sourcecode.swift; path = SpringSwitch.swift; sourceTree = "<group>"; };
		A95DFF7A2058BEC600D540DD /* Blendable.swift */ = {isa = PBXFileReference; lastKnownFileType = sourcecode.swift; path = Blendable.swift; sourceTree = "<group>"; };
		A95DFF7D205B2FB700D540DD /* HistoryModel.xcdatamodel */ = {isa = PBXFileReference; lastKnownFileType = wrapper.xcdatamodel; path = HistoryModel.xcdatamodel; sourceTree = "<group>"; };
		A95DFFBE205B6A8F00D540DD /* HistoryManager.swift */ = {isa = PBXFileReference; lastKnownFileType = sourcecode.swift; path = HistoryManager.swift; sourceTree = "<group>"; };
		A9667E912051F90400295E76 /* PinboardLoginController.swift */ = {isa = PBXFileReference; lastKnownFileType = sourcecode.swift; path = PinboardLoginController.swift; sourceTree = "<group>"; };
		A9667E93205339B500295E76 /* BlobCollectionViewLayout.swift */ = {isa = PBXFileReference; lastKnownFileType = sourcecode.swift; path = BlobCollectionViewLayout.swift; sourceTree = "<group>"; };
		A966CA63204003FC00EB2771 /* TypeaheadCell.swift */ = {isa = PBXFileReference; lastKnownFileType = sourcecode.swift; path = TypeaheadCell.swift; sourceTree = "<group>"; };
		A969D4A41F1321EC008A7BC6 /* Constants.swift */ = {isa = PBXFileReference; lastKnownFileType = sourcecode.swift; path = Constants.swift; sourceTree = "<group>"; };
		A97BF8301EF3B5B900B9ECB4 /* BrowserViewController+WKUIDelegate.swift */ = {isa = PBXFileReference; fileEncoding = 4; lastKnownFileType = sourcecode.swift; path = "BrowserViewController+WKUIDelegate.swift"; sourceTree = "<group>"; };
		A97CB06C1EC53DCD005DDBD1 /* browse.app */ = {isa = PBXFileReference; explicitFileType = wrapper.application; includeInIndex = 0; path = browse.app; sourceTree = BUILT_PRODUCTS_DIR; };
		A97CB06F1EC53DCD005DDBD1 /* AppDelegate.swift */ = {isa = PBXFileReference; lastKnownFileType = sourcecode.swift; path = AppDelegate.swift; sourceTree = "<group>"; };
		A97CB0711EC53DCD005DDBD1 /* BrowserViewController.swift */ = {isa = PBXFileReference; lastKnownFileType = sourcecode.swift; path = BrowserViewController.swift; sourceTree = "<group>"; };
		A97CB0741EC53DCD005DDBD1 /* Base */ = {isa = PBXFileReference; lastKnownFileType = file.storyboard; name = Base; path = Base.lproj/Main.storyboard; sourceTree = "<group>"; };
		A97CB0761EC53DCD005DDBD1 /* Assets.xcassets */ = {isa = PBXFileReference; lastKnownFileType = folder.assetcatalog; path = Assets.xcassets; sourceTree = "<group>"; };
		A97CB07B1EC53DCD005DDBD1 /* Info.plist */ = {isa = PBXFileReference; lastKnownFileType = text.plist.xml; path = Info.plist; sourceTree = "<group>"; };
		A97CB0801EC53DCD005DDBD1 /* browseTests.xctest */ = {isa = PBXFileReference; explicitFileType = wrapper.cfbundle; includeInIndex = 0; path = browseTests.xctest; sourceTree = BUILT_PRODUCTS_DIR; };
		A97CB0841EC53DCD005DDBD1 /* browseTests.swift */ = {isa = PBXFileReference; lastKnownFileType = sourcecode.swift; path = browseTests.swift; sourceTree = "<group>"; };
		A97CB0861EC53DCD005DDBD1 /* Info.plist */ = {isa = PBXFileReference; lastKnownFileType = text.plist.xml; path = Info.plist; sourceTree = "<group>"; };
		A97CB08B1EC53DCD005DDBD1 /* browseUITests.xctest */ = {isa = PBXFileReference; explicitFileType = wrapper.cfbundle; includeInIndex = 0; path = browseUITests.xctest; sourceTree = BUILT_PRODUCTS_DIR; };
		A97CB08F1EC53DCD005DDBD1 /* browseUITests.swift */ = {isa = PBXFileReference; lastKnownFileType = sourcecode.swift; path = browseUITests.swift; sourceTree = "<group>"; };
		A97CB0911EC53DCD005DDBD1 /* Info.plist */ = {isa = PBXFileReference; lastKnownFileType = text.plist.xml; path = Info.plist; sourceTree = "<group>"; };
		A98466721FF0F9170009FC12 /* Utils.swift */ = {isa = PBXFileReference; lastKnownFileType = sourcecode.swift; name = Utils.swift; path = browse/Utils/Utils.swift; sourceTree = SOURCE_ROOT; };
		A98483271EEFCFE200E821AE /* ColorToolbarView.swift */ = {isa = PBXFileReference; fileEncoding = 4; lastKnownFileType = sourcecode.swift; path = ColorToolbarView.swift; sourceTree = "<group>"; };
		A985F89A20831361007A726A /* HistoryTreeViewController.swift */ = {isa = PBXFileReference; fileEncoding = 4; lastKnownFileType = sourcecode.swift; path = HistoryTreeViewController.swift; sourceTree = "<group>"; };
		A985F89C20831FD5007A726A /* HistoryTreeLayout.swift */ = {isa = PBXFileReference; fileEncoding = 4; lastKnownFileType = sourcecode.swift; path = HistoryTreeLayout.swift; sourceTree = "<group>"; };
		A985F89E2083FB6B007A726A /* VisitCell.swift */ = {isa = PBXFileReference; lastKnownFileType = sourcecode.swift; path = VisitCell.swift; sourceTree = "<group>"; };
		A985F8A220843D8B007A726A /* disconnect-advertising.json */ = {isa = PBXFileReference; fileEncoding = 4; lastKnownFileType = text.json; path = "disconnect-advertising.json"; sourceTree = "<group>"; };
		A985F8A320843D8B007A726A /* disconnect-analytics.json */ = {isa = PBXFileReference; fileEncoding = 4; lastKnownFileType = text.json; path = "disconnect-analytics.json"; sourceTree = "<group>"; };
		A985F8A420843D8C007A726A /* disconnect-social.json */ = {isa = PBXFileReference; fileEncoding = 4; lastKnownFileType = text.json; path = "disconnect-social.json"; sourceTree = "<group>"; };
		A985F8A520843D8C007A726A /* disconnect-content.json */ = {isa = PBXFileReference; fileEncoding = 4; lastKnownFileType = text.json; path = "disconnect-content.json"; sourceTree = "<group>"; };
		A99328461F098E270045EBAA /* ToolbarTextButton.swift */ = {isa = PBXFileReference; fileEncoding = 4; lastKnownFileType = sourcecode.swift; path = ToolbarTextButton.swift; sourceTree = "<group>"; };
		A9A88DE82015C64F007FC6C0 /* GradientView.swift */ = {isa = PBXFileReference; lastKnownFileType = sourcecode.swift; path = GradientView.swift; sourceTree = "<group>"; };
		A9AA4A571FF72471001AB639 /* PlaceholderView.swift */ = {isa = PBXFileReference; lastKnownFileType = sourcecode.swift; path = PlaceholderView.swift; sourceTree = "<group>"; };
		A9B99796203791DB00841404 /* SearchViewController.swift */ = {isa = PBXFileReference; lastKnownFileType = sourcecode.swift; name = SearchViewController.swift; path = "browse/Search Field/SearchViewController.swift"; sourceTree = SOURCE_ROOT; };
		A9B9979820380C8A00841404 /* SearchTransitionController.swift */ = {isa = PBXFileReference; lastKnownFileType = sourcecode.swift; name = SearchTransitionController.swift; path = "browse/Search Field/SearchTransitionController.swift"; sourceTree = SOURCE_ROOT; };
		A9BED7BC1F4E23430012B34F /* GradientColorChangeView.swift */ = {isa = PBXFileReference; lastKnownFileType = sourcecode.swift; path = GradientColorChangeView.swift; sourceTree = "<group>"; };
		A9D4B8C01F72F6D6006F0F18 /* Launch Screen.storyboard */ = {isa = PBXFileReference; lastKnownFileType = file.storyboard; path = "Launch Screen.storyboard"; sourceTree = "<group>"; };
		A9DEAE3C1F16C15700CF66BA /* BrowserToolbarView.swift */ = {isa = PBXFileReference; lastKnownFileType = sourcecode.swift; path = BrowserToolbarView.swift; sourceTree = "<group>"; };
		A9E422801F86B4FD0028B4CA /* TabStackingLayout.swift */ = {isa = PBXFileReference; lastKnownFileType = sourcecode.swift; name = TabStackingLayout.swift; path = "browse/Tab Switcher/TabStackingLayout.swift"; sourceTree = SOURCE_ROOT; };
		A9E4859C1EC8D7BE0021D155 /* WebviewColorSampler.swift */ = {isa = PBXFileReference; fileEncoding = 4; lastKnownFileType = sourcecode.swift; path = WebviewColorSampler.swift; sourceTree = "<group>"; };
		A9EF36D41F4A6451005112E2 /* WKWebview+Toolbar.swift */ = {isa = PBXFileReference; lastKnownFileType = sourcecode.swift; path = "WKWebview+Toolbar.swift"; sourceTree = "<group>"; };
		A9F9D7BA204E0BAF000BA8A3 /* PageActionView.swift */ = {isa = PBXFileReference; lastKnownFileType = sourcecode.swift; path = PageActionView.swift; sourceTree = "<group>"; };
		A9F9D7BC20509F2D000BA8A3 /* Settings.bundle */ = {isa = PBXFileReference; lastKnownFileType = "wrapper.plug-in"; path = Settings.bundle; sourceTree = "<group>"; };
		A9F9D7BF2050B8BA000BA8A3 /* DuckSearchProvider.swift */ = {isa = PBXFileReference; lastKnownFileType = sourcecode.swift; path = DuckSearchProvider.swift; sourceTree = "<group>"; };
		A9F9D7C12050B8F3000BA8A3 /* GoogleSearchProvider.swift */ = {isa = PBXFileReference; lastKnownFileType = sourcecode.swift; path = GoogleSearchProvider.swift; sourceTree = "<group>"; };
		A9F9D7C32050B93A000BA8A3 /* SearchProvider.swift */ = {isa = PBXFileReference; lastKnownFileType = sourcecode.swift; path = SearchProvider.swift; sourceTree = "<group>"; };
		A9F9D7C5205117B2000BA8A3 /* BookmarkProvider.swift */ = {isa = PBXFileReference; lastKnownFileType = sourcecode.swift; path = BookmarkProvider.swift; sourceTree = "<group>"; };
		C40CC59AFABD40322DFCDDD7 /* Pods_browseTests.framework */ = {isa = PBXFileReference; explicitFileType = wrapper.framework; includeInIndex = 0; path = Pods_browseTests.framework; sourceTree = BUILT_PRODUCTS_DIR; };
		EAFEEFBF73AF0DFBC3AD7745 /* Pods-browse.debug.xcconfig */ = {isa = PBXFileReference; includeInIndex = 1; lastKnownFileType = text.xcconfig; name = "Pods-browse.debug.xcconfig"; path = "Pods/Target Support Files/Pods-browse/Pods-browse.debug.xcconfig"; sourceTree = "<group>"; };
/* End PBXFileReference section */

/* Begin PBXFrameworksBuildPhase section */
		A97CB0691EC53DCC005DDBD1 /* Frameworks */ = {
			isa = PBXFrameworksBuildPhase;
			buildActionMask = 2147483647;
			files = (
				F64D20A87990C82DA660E905 /* Pods_browse.framework in Frameworks */,
			);
			runOnlyForDeploymentPostprocessing = 0;
		};
		A97CB07D1EC53DCD005DDBD1 /* Frameworks */ = {
			isa = PBXFrameworksBuildPhase;
			buildActionMask = 2147483647;
			files = (
				E7FD11F16B9CF60BCBD3DD19 /* Pods_browseTests.framework in Frameworks */,
			);
			runOnlyForDeploymentPostprocessing = 0;
		};
		A97CB0881EC53DCD005DDBD1 /* Frameworks */ = {
			isa = PBXFrameworksBuildPhase;
			buildActionMask = 2147483647;
			files = (
				2DCBCAE350BA34FBF1FAAC0B /* Pods_browseUITests.framework in Frameworks */,
			);
			runOnlyForDeploymentPostprocessing = 0;
		};
/* End PBXFrameworksBuildPhase section */

/* Begin PBXGroup section */
		099960736C75575D909CEDDC /* Pods */ = {
			isa = PBXGroup;
			children = (
				EAFEEFBF73AF0DFBC3AD7745 /* Pods-browse.debug.xcconfig */,
				08DF207E4D450D465A7942EE /* Pods-browse.release.xcconfig */,
				9F545EFABCF9F87A9BBE6214 /* Pods-browseTests.debug.xcconfig */,
				40A80C7A995610D856E3CE48 /* Pods-browseTests.release.xcconfig */,
				113B5A3B285AC3BEAA0A45AF /* Pods-browseUITests.debug.xcconfig */,
				4259AE736B0E478FAD4CD3D8 /* Pods-browseUITests.release.xcconfig */,
			);
			name = Pods;
			sourceTree = "<group>";
		};
		86CB47509C3D065B6A1ED027 /* Frameworks */ = {
			isa = PBXGroup;
			children = (
				A7CBD4E92318735B3DA34E02 /* Pods_browse.framework */,
				C40CC59AFABD40322DFCDDD7 /* Pods_browseTests.framework */,
				59786C71254C3E45B35E124B /* Pods_browseUITests.framework */,
			);
			name = Frameworks;
			sourceTree = "<group>";
		};
		A90F51231F71783B00221815 /* Search Field */ = {
			isa = PBXGroup;
			children = (
				A9B99796203791DB00841404 /* SearchViewController.swift */,
				A9B9979820380C8A00841404 /* SearchTransitionController.swift */,
				A925E3E720486A62005778A0 /* SearchTextView.swift */,
				A966CA63204003FC00EB2771 /* TypeaheadCell.swift */,
				A9F9D7BA204E0BAF000BA8A3 /* PageActionView.swift */,
				A9447A2C2027F48000654572 /* TypeaheadProvider.swift */,
				A9F9D7C32050B93A000BA8A3 /* SearchProvider.swift */,
				A9F9D7BF2050B8BA000BA8A3 /* DuckSearchProvider.swift */,
				A9F9D7C12050B8F3000BA8A3 /* GoogleSearchProvider.swift */,
			);
			path = "Search Field";
			sourceTree = "<group>";
		};
		A90F51241F71785E00221815 /* Tab Switcher */ = {
			isa = PBXGroup;
			children = (
				A9526D4C1ED238C300A73A8A /* WebNavigationController.swift */,
				A92095901EE34CDC009497A2 /* TabSwitcherViewController.swift */,
				A92095921EE36483009497A2 /* DismissableTabCell.swift */,
				A9A88DE82015C64F007FC6C0 /* GradientView.swift */,
				A9E422801F86B4FD0028B4CA /* TabStackingLayout.swift */,
				A9667E93205339B500295E76 /* BlobCollectionViewLayout.swift */,
				A920958E1EDF4AB8009497A2 /* StackAnimatedTransitioning.swift */,
			);
			path = "Tab Switcher";
			sourceTree = "<group>";
		};
		A90F51251F71787800221815 /* Color Detection */ = {
			isa = PBXGroup;
			children = (
				A9E4859C1EC8D7BE0021D155 /* WebviewColorSampler.swift */,
				A90F51201F70C6CB00221815 /* UIImageColors.swift */,
				A9BED7BC1F4E23430012B34F /* GradientColorChangeView.swift */,
			);
			path = "Color Detection";
			sourceTree = "<group>";
		};
		A90F51261F7178C000221815 /* Browser View */ = {
			isa = PBXGroup;
			children = (
				A97CB0711EC53DCD005DDBD1 /* BrowserViewController.swift */,
				A9DEAE3C1F16C15700CF66BA /* BrowserToolbarView.swift */,
				A92C9C3A1EF8B5E600D8AAA3 /* BrowserGestureController.swift */,
				A907DBAD205DB7A6009554C9 /* WebViewManager.swift */,
				A9EF36D41F4A6451005112E2 /* WKWebview+Toolbar.swift */,
				A9AA4A571FF72471001AB639 /* PlaceholderView.swift */,
				A92C9C381EF5D66B00D8AAA3 /* BrowserViewController+WKNavigationDelegate.swift */,
				A97BF8301EF3B5B900B9ECB4 /* BrowserViewController+WKUIDelegate.swift */,
				A90892091ED547C500A5E9BA /* ToolbarSearchField.swift */,
				A908F04B1ECD03B800A74241 /* ColorStatusBarView.swift */,
			);
			path = "Browser View";
			sourceTree = "<group>";
		};
		A90F51281F7178FF00221815 /* UI */ = {
			isa = PBXGroup;
			children = (
				A925E3E9204CCE2B005778A0 /* PlainBlurView.swift */,
				A98483271EEFCFE200E821AE /* ColorToolbarView.swift */,
				A92095941EE3E0DA009497A2 /* ToolbarTouchView.swift */,
				A90ED965201EDB26003F4831 /* FloatButton.swift */,
				A99328461F098E270045EBAA /* ToolbarTextButton.swift */,
				A92095961EE3E2AF009497A2 /* ToolbarIconButton.swift */,
			);
			path = UI;
			sourceTree = "<group>";
		};
		A90F51291F71791D00221815 /* Ad Blocking */ = {
			isa = PBXGroup;
			children = (
				A92095831ED90E7B009497A2 /* Blocker.swift */,
				A985F8A220843D8B007A726A /* disconnect-advertising.json */,
				A985F8A320843D8B007A726A /* disconnect-analytics.json */,
				A985F8A520843D8C007A726A /* disconnect-content.json */,
				A985F8A420843D8C007A726A /* disconnect-social.json */,
				A91372061F777511002C160B /* ultimateAdblockList.json */,
				A9404D0E20633E840004DD83 /* ultimateAdblockListCSS.json */,
			);
			path = "Ad Blocking";
			sourceTree = "<group>";
		};
		A920958D1EDAA714009497A2 /* Settings */ = {
			isa = PBXGroup;
			children = (
				A92095891EDA6526009497A2 /* Settings.swift */,
				A92095851ED9E241009497A2 /* SettingsViewController.swift */,
				A92095871ED9E3C0009497A2 /* SettingsTableViewCell.swift */,
			);
			name = Settings;
			sourceTree = "<group>";
		};
		A9667E9920575E4700295E76 /* Animation Utils */ = {
			isa = PBXGroup;
			children = (
				A95DFF7420575F2400D540DD /* UIView+POP.swift */,
				A95DFF7620575FDF00D540DD /* SpringSwitch.swift */,
				A907DBA7205C9C5C009554C9 /* Blend.swift */,
				A95DFF7A2058BEC600D540DD /* Blendable.swift */,
			);
			path = "Animation Utils";
			sourceTree = "<group>";
		};
		A96A42EF1F91637F00C0F3E2 /* History */ = {
			isa = PBXGroup;
			children = (
				A985F89E2083FB6B007A726A /* VisitCell.swift */,
				A985F89A20831361007A726A /* HistoryTreeViewController.swift */,
				A985F89C20831FD5007A726A /* HistoryTreeLayout.swift */,
				A95DFFBE205B6A8F00D540DD /* HistoryManager.swift */,
				A907DBA9205CFAB4009554C9 /* Visit+snapshot.swift */,
				A907DBAB205DB055009554C9 /* Tab+Extensions.swift */,
				A95DFF7C205B2FB700D540DD /* HistoryModel.xcdatamodeld */,
			);
			path = History;
			sourceTree = "<group>";
		};
		A97CB0631EC53DCC005DDBD1 = {
			isa = PBXGroup;
			children = (
				A97CB06E1EC53DCD005DDBD1 /* browse */,
				A97CB0831EC53DCD005DDBD1 /* browseTests */,
				A97CB08E1EC53DCD005DDBD1 /* browseUITests */,
				A97CB06D1EC53DCD005DDBD1 /* Products */,
				099960736C75575D909CEDDC /* Pods */,
				86CB47509C3D065B6A1ED027 /* Frameworks */,
			);
			sourceTree = "<group>";
		};
		A97CB06D1EC53DCD005DDBD1 /* Products */ = {
			isa = PBXGroup;
			children = (
				A97CB06C1EC53DCD005DDBD1 /* browse.app */,
				A97CB0801EC53DCD005DDBD1 /* browseTests.xctest */,
				A97CB08B1EC53DCD005DDBD1 /* browseUITests.xctest */,
			);
			name = Products;
			sourceTree = "<group>";
		};
		A97CB06E1EC53DCD005DDBD1 /* browse */ = {
			isa = PBXGroup;
			children = (
				A9F9D7BC20509F2D000BA8A3 /* Settings.bundle */,
				A97CB06F1EC53DCD005DDBD1 /* AppDelegate.swift */,
				A969D4A41F1321EC008A7BC6 /* Constants.swift */,
				A9667E9920575E4700295E76 /* Animation Utils */,
				A9AA4A5B1FF76D27001AB639 /* Utils */,
				A90F51241F71785E00221815 /* Tab Switcher */,
				A96A42EF1F91637F00C0F3E2 /* History */,
				A90F51261F7178C000221815 /* Browser View */,
				A90F51231F71783B00221815 /* Search Field */,
				A9F9D7BE2050AB1D000BA8A3 /* Bookmarks */,
				A90F51251F71787800221815 /* Color Detection */,
				A90F51281F7178FF00221815 /* UI */,
				A90F51291F71791D00221815 /* Ad Blocking */,
				A920958D1EDAA714009497A2 /* Settings */,
				A9446E9A1ECEBFC40082B4D9 /* Bridging-Header.h */,
				A94FE4201ECA661700ED48DB /* Sampler.swift */,
				A9D4B8C01F72F6D6006F0F18 /* Launch Screen.storyboard */,
				A97CB0731EC53DCD005DDBD1 /* Main.storyboard */,
				A97CB0761EC53DCD005DDBD1 /* Assets.xcassets */,
				A97CB07B1EC53DCD005DDBD1 /* Info.plist */,
			);
			path = browse;
			sourceTree = "<group>";
		};
		A97CB0831EC53DCD005DDBD1 /* browseTests */ = {
			isa = PBXGroup;
			children = (
				A97CB0841EC53DCD005DDBD1 /* browseTests.swift */,
				A97CB0861EC53DCD005DDBD1 /* Info.plist */,
			);
			path = browseTests;
			sourceTree = "<group>";
		};
		A97CB08E1EC53DCD005DDBD1 /* browseUITests */ = {
			isa = PBXGroup;
			children = (
				A97CB08F1EC53DCD005DDBD1 /* browseUITests.swift */,
				A97CB0911EC53DCD005DDBD1 /* Info.plist */,
			);
			path = browseUITests;
			sourceTree = "<group>";
		};
		A9AA4A5B1FF76D27001AB639 /* Utils */ = {
			isa = PBXGroup;
			children = (
				A98466721FF0F9170009FC12 /* Utils.swift */,
				A94FE41E1ECA5A7400ED48DB /* UIColorExtensions.swift */,
				A9210D501F0148E600904A0B /* URL+DisplayHost.swift */,
			);
			path = Utils;
			sourceTree = "<group>";
		};
		A9F9D7BE2050AB1D000BA8A3 /* Bookmarks */ = {
			isa = PBXGroup;
			children = (
				A9667E912051F90400295E76 /* PinboardLoginController.swift */,
				A9F9D7C5205117B2000BA8A3 /* BookmarkProvider.swift */,
			);
			path = Bookmarks;
			sourceTree = "<group>";
		};
/* End PBXGroup section */

/* Begin PBXNativeTarget section */
		A97CB06B1EC53DCC005DDBD1 /* browse */ = {
			isa = PBXNativeTarget;
			buildConfigurationList = A97CB0941EC53DCD005DDBD1 /* Build configuration list for PBXNativeTarget "browse" */;
			buildPhases = (
				F8334995A69A7AB23967E194 /* [CP] Check Pods Manifest.lock */,
				A97CB0681EC53DCC005DDBD1 /* Sources */,
				A97CB0691EC53DCC005DDBD1 /* Frameworks */,
				A97CB06A1EC53DCC005DDBD1 /* Resources */,
				89E8F91E165779D586E360EA /* [CP] Embed Pods Frameworks */,
				AA1C35B1530D4B0C22CC1874 /* [CP] Copy Pods Resources */,
			);
			buildRules = (
			);
			dependencies = (
			);
			name = browse;
			productName = browse;
			productReference = A97CB06C1EC53DCD005DDBD1 /* browse.app */;
			productType = "com.apple.product-type.application";
		};
		A97CB07F1EC53DCD005DDBD1 /* browseTests */ = {
			isa = PBXNativeTarget;
			buildConfigurationList = A97CB0971EC53DCD005DDBD1 /* Build configuration list for PBXNativeTarget "browseTests" */;
			buildPhases = (
				D314FB949F2E7F6732374083 /* [CP] Check Pods Manifest.lock */,
				A97CB07C1EC53DCD005DDBD1 /* Sources */,
				A97CB07D1EC53DCD005DDBD1 /* Frameworks */,
				A97CB07E1EC53DCD005DDBD1 /* Resources */,
				94C9B04FB25868A18B9B7588 /* [CP] Embed Pods Frameworks */,
				7293269D83E98F2F89B88585 /* [CP] Copy Pods Resources */,
			);
			buildRules = (
			);
			dependencies = (
				A97CB0821EC53DCD005DDBD1 /* PBXTargetDependency */,
			);
			name = browseTests;
			productName = browseTests;
			productReference = A97CB0801EC53DCD005DDBD1 /* browseTests.xctest */;
			productType = "com.apple.product-type.bundle.unit-test";
		};
		A97CB08A1EC53DCD005DDBD1 /* browseUITests */ = {
			isa = PBXNativeTarget;
			buildConfigurationList = A97CB09A1EC53DCD005DDBD1 /* Build configuration list for PBXNativeTarget "browseUITests" */;
			buildPhases = (
				F48770AE319ACE6EA635DDBE /* [CP] Check Pods Manifest.lock */,
				A97CB0871EC53DCD005DDBD1 /* Sources */,
				A97CB0881EC53DCD005DDBD1 /* Frameworks */,
				A97CB0891EC53DCD005DDBD1 /* Resources */,
				D2A6C40966D703F01D7D1473 /* [CP] Embed Pods Frameworks */,
				5826B7CCCE60641543F88BDF /* [CP] Copy Pods Resources */,
			);
			buildRules = (
			);
			dependencies = (
				A97CB08D1EC53DCD005DDBD1 /* PBXTargetDependency */,
			);
			name = browseUITests;
			productName = browseUITests;
			productReference = A97CB08B1EC53DCD005DDBD1 /* browseUITests.xctest */;
			productType = "com.apple.product-type.bundle.ui-testing";
		};
/* End PBXNativeTarget section */

/* Begin PBXProject section */
		A97CB0641EC53DCC005DDBD1 /* Project object */ = {
			isa = PBXProject;
			attributes = {
				LastSwiftUpdateCheck = 0820;
				LastUpgradeCheck = 0930;
				ORGANIZATIONNAME = "Evan Brooks";
				TargetAttributes = {
					A97CB06B1EC53DCC005DDBD1 = {
						CreatedOnToolsVersion = 8.2;
						DevelopmentTeam = DJXSN639VG;
						LastSwiftMigration = 0900;
						ProvisioningStyle = Automatic;
					};
					A97CB07F1EC53DCD005DDBD1 = {
						CreatedOnToolsVersion = 8.2;
						LastSwiftMigration = 0900;
						ProvisioningStyle = Automatic;
						TestTargetID = A97CB06B1EC53DCC005DDBD1;
					};
					A97CB08A1EC53DCD005DDBD1 = {
						CreatedOnToolsVersion = 8.2;
						LastSwiftMigration = 0900;
						ProvisioningStyle = Automatic;
						TestTargetID = A97CB06B1EC53DCC005DDBD1;
					};
				};
			};
			buildConfigurationList = A97CB0671EC53DCC005DDBD1 /* Build configuration list for PBXProject "browse" */;
			compatibilityVersion = "Xcode 3.2";
			developmentRegion = English;
			hasScannedForEncodings = 0;
			knownRegions = (
				en,
				Base,
			);
			mainGroup = A97CB0631EC53DCC005DDBD1;
			productRefGroup = A97CB06D1EC53DCD005DDBD1 /* Products */;
			projectDirPath = "";
			projectRoot = "";
			targets = (
				A97CB06B1EC53DCC005DDBD1 /* browse */,
				A97CB07F1EC53DCD005DDBD1 /* browseTests */,
				A97CB08A1EC53DCD005DDBD1 /* browseUITests */,
			);
		};
/* End PBXProject section */

/* Begin PBXResourcesBuildPhase section */
		A97CB06A1EC53DCC005DDBD1 /* Resources */ = {
			isa = PBXResourcesBuildPhase;
			buildActionMask = 2147483647;
			files = (
				A985F8A820843D8C007A726A /* disconnect-social.json in Resources */,
				A985F8A720843D8C007A726A /* disconnect-analytics.json in Resources */,
				A97CB0771EC53DCD005DDBD1 /* Assets.xcassets in Resources */,
				A985F8A920843D8C007A726A /* disconnect-content.json in Resources */,
				A91372071F777511002C160B /* ultimateAdblockList.json in Resources */,
				A9D4B8C11F72F6D6006F0F18 /* Launch Screen.storyboard in Resources */,
				A9404D0F20633E840004DD83 /* ultimateAdblockListCSS.json in Resources */,
				A9F9D7BD20509F2D000BA8A3 /* Settings.bundle in Resources */,
				A985F8A620843D8C007A726A /* disconnect-advertising.json in Resources */,
				A97CB0751EC53DCD005DDBD1 /* Main.storyboard in Resources */,
			);
			runOnlyForDeploymentPostprocessing = 0;
		};
		A97CB07E1EC53DCD005DDBD1 /* Resources */ = {
			isa = PBXResourcesBuildPhase;
			buildActionMask = 2147483647;
			files = (
			);
			runOnlyForDeploymentPostprocessing = 0;
		};
		A97CB0891EC53DCD005DDBD1 /* Resources */ = {
			isa = PBXResourcesBuildPhase;
			buildActionMask = 2147483647;
			files = (
			);
			runOnlyForDeploymentPostprocessing = 0;
		};
/* End PBXResourcesBuildPhase section */

/* Begin PBXShellScriptBuildPhase section */
		5826B7CCCE60641543F88BDF /* [CP] Copy Pods Resources */ = {
			isa = PBXShellScriptBuildPhase;
			buildActionMask = 2147483647;
			files = (
			);
			inputPaths = (
			);
			name = "[CP] Copy Pods Resources";
			outputPaths = (
			);
			runOnlyForDeploymentPostprocessing = 0;
			shellPath = /bin/sh;
			shellScript = "\"${SRCROOT}/Pods/Target Support Files/Pods-browseUITests/Pods-browseUITests-resources.sh\"\n";
			showEnvVarsInLog = 0;
		};
		7293269D83E98F2F89B88585 /* [CP] Copy Pods Resources */ = {
			isa = PBXShellScriptBuildPhase;
			buildActionMask = 2147483647;
			files = (
			);
			inputPaths = (
			);
			name = "[CP] Copy Pods Resources";
			outputPaths = (
			);
			runOnlyForDeploymentPostprocessing = 0;
			shellPath = /bin/sh;
			shellScript = "\"${SRCROOT}/Pods/Target Support Files/Pods-browseTests/Pods-browseTests-resources.sh\"\n";
			showEnvVarsInLog = 0;
		};
		89E8F91E165779D586E360EA /* [CP] Embed Pods Frameworks */ = {
			isa = PBXShellScriptBuildPhase;
			buildActionMask = 2147483647;
			files = (
			);
			inputPaths = (
				"${SRCROOT}/Pods/Target Support Files/Pods-browse/Pods-browse-frameworks.sh",
				"${BUILT_PRODUCTS_DIR}/1PasswordExtension/OnePasswordExtension.framework",
				"${BUILT_PRODUCTS_DIR}/SwiftyJSON/SwiftyJSON.framework",
				"${BUILT_PRODUCTS_DIR}/UITextView+Placeholder/UITextView_Placeholder.framework",
				"${BUILT_PRODUCTS_DIR}/pop/pop.framework",
			);
			name = "[CP] Embed Pods Frameworks";
			outputPaths = (
				"${TARGET_BUILD_DIR}/${FRAMEWORKS_FOLDER_PATH}/OnePasswordExtension.framework",
				"${TARGET_BUILD_DIR}/${FRAMEWORKS_FOLDER_PATH}/SwiftyJSON.framework",
				"${TARGET_BUILD_DIR}/${FRAMEWORKS_FOLDER_PATH}/UITextView_Placeholder.framework",
				"${TARGET_BUILD_DIR}/${FRAMEWORKS_FOLDER_PATH}/pop.framework",
			);
			runOnlyForDeploymentPostprocessing = 0;
			shellPath = /bin/sh;
			shellScript = "\"${SRCROOT}/Pods/Target Support Files/Pods-browse/Pods-browse-frameworks.sh\"\n";
			showEnvVarsInLog = 0;
		};
		94C9B04FB25868A18B9B7588 /* [CP] Embed Pods Frameworks */ = {
			isa = PBXShellScriptBuildPhase;
			buildActionMask = 2147483647;
			files = (
			);
			inputPaths = (
			);
			name = "[CP] Embed Pods Frameworks";
			outputPaths = (
			);
			runOnlyForDeploymentPostprocessing = 0;
			shellPath = /bin/sh;
			shellScript = "\"${SRCROOT}/Pods/Target Support Files/Pods-browseTests/Pods-browseTests-frameworks.sh\"\n";
			showEnvVarsInLog = 0;
		};
		AA1C35B1530D4B0C22CC1874 /* [CP] Copy Pods Resources */ = {
			isa = PBXShellScriptBuildPhase;
			buildActionMask = 2147483647;
			files = (
			);
			inputPaths = (
			);
			name = "[CP] Copy Pods Resources";
			outputPaths = (
			);
			runOnlyForDeploymentPostprocessing = 0;
			shellPath = /bin/sh;
			shellScript = "\"${SRCROOT}/Pods/Target Support Files/Pods-browse/Pods-browse-resources.sh\"\n";
			showEnvVarsInLog = 0;
		};
		D2A6C40966D703F01D7D1473 /* [CP] Embed Pods Frameworks */ = {
			isa = PBXShellScriptBuildPhase;
			buildActionMask = 2147483647;
			files = (
			);
			inputPaths = (
			);
			name = "[CP] Embed Pods Frameworks";
			outputPaths = (
			);
			runOnlyForDeploymentPostprocessing = 0;
			shellPath = /bin/sh;
			shellScript = "\"${SRCROOT}/Pods/Target Support Files/Pods-browseUITests/Pods-browseUITests-frameworks.sh\"\n";
			showEnvVarsInLog = 0;
		};
		D314FB949F2E7F6732374083 /* [CP] Check Pods Manifest.lock */ = {
			isa = PBXShellScriptBuildPhase;
			buildActionMask = 2147483647;
			files = (
			);
			inputPaths = (
				"${PODS_PODFILE_DIR_PATH}/Podfile.lock",
				"${PODS_ROOT}/Manifest.lock",
			);
			name = "[CP] Check Pods Manifest.lock";
			outputPaths = (
				"$(DERIVED_FILE_DIR)/Pods-browseTests-checkManifestLockResult.txt",
			);
			runOnlyForDeploymentPostprocessing = 0;
			shellPath = /bin/sh;
			shellScript = "diff \"${PODS_PODFILE_DIR_PATH}/Podfile.lock\" \"${PODS_ROOT}/Manifest.lock\" > /dev/null\nif [ $? != 0 ] ; then\n    # print error to STDERR\n    echo \"error: The sandbox is not in sync with the Podfile.lock. Run 'pod install' or update your CocoaPods installation.\" >&2\n    exit 1\nfi\n# This output is used by Xcode 'outputs' to avoid re-running this script phase.\necho \"SUCCESS\" > \"${SCRIPT_OUTPUT_FILE_0}\"\n";
			showEnvVarsInLog = 0;
		};
		F48770AE319ACE6EA635DDBE /* [CP] Check Pods Manifest.lock */ = {
			isa = PBXShellScriptBuildPhase;
			buildActionMask = 2147483647;
			files = (
			);
			inputPaths = (
				"${PODS_PODFILE_DIR_PATH}/Podfile.lock",
				"${PODS_ROOT}/Manifest.lock",
			);
			name = "[CP] Check Pods Manifest.lock";
			outputPaths = (
				"$(DERIVED_FILE_DIR)/Pods-browseUITests-checkManifestLockResult.txt",
			);
			runOnlyForDeploymentPostprocessing = 0;
			shellPath = /bin/sh;
			shellScript = "diff \"${PODS_PODFILE_DIR_PATH}/Podfile.lock\" \"${PODS_ROOT}/Manifest.lock\" > /dev/null\nif [ $? != 0 ] ; then\n    # print error to STDERR\n    echo \"error: The sandbox is not in sync with the Podfile.lock. Run 'pod install' or update your CocoaPods installation.\" >&2\n    exit 1\nfi\n# This output is used by Xcode 'outputs' to avoid re-running this script phase.\necho \"SUCCESS\" > \"${SCRIPT_OUTPUT_FILE_0}\"\n";
			showEnvVarsInLog = 0;
		};
		F8334995A69A7AB23967E194 /* [CP] Check Pods Manifest.lock */ = {
			isa = PBXShellScriptBuildPhase;
			buildActionMask = 2147483647;
			files = (
			);
			inputPaths = (
				"${PODS_PODFILE_DIR_PATH}/Podfile.lock",
				"${PODS_ROOT}/Manifest.lock",
			);
			name = "[CP] Check Pods Manifest.lock";
			outputPaths = (
				"$(DERIVED_FILE_DIR)/Pods-browse-checkManifestLockResult.txt",
			);
			runOnlyForDeploymentPostprocessing = 0;
			shellPath = /bin/sh;
			shellScript = "diff \"${PODS_PODFILE_DIR_PATH}/Podfile.lock\" \"${PODS_ROOT}/Manifest.lock\" > /dev/null\nif [ $? != 0 ] ; then\n    # print error to STDERR\n    echo \"error: The sandbox is not in sync with the Podfile.lock. Run 'pod install' or update your CocoaPods installation.\" >&2\n    exit 1\nfi\n# This output is used by Xcode 'outputs' to avoid re-running this script phase.\necho \"SUCCESS\" > \"${SCRIPT_OUTPUT_FILE_0}\"\n";
			showEnvVarsInLog = 0;
		};
/* End PBXShellScriptBuildPhase section */

/* Begin PBXSourcesBuildPhase section */
		A97CB0681EC53DCC005DDBD1 /* Sources */ = {
			isa = PBXSourcesBuildPhase;
			buildActionMask = 2147483647;
			files = (
				A9B9979920380C8A00841404 /* SearchTransitionController.swift in Sources */,
				A9F9D7C6205117B2000BA8A3 /* BookmarkProvider.swift in Sources */,
				A95DFF7B2058BEC600D540DD /* Blendable.swift in Sources */,
				A92C9C3B1EF8B5E600D8AAA3 /* BrowserGestureController.swift in Sources */,
				A90F51211F70C6CB00221815 /* UIImageColors.swift in Sources */,
				A985F89F2083FB6B007A726A /* VisitCell.swift in Sources */,
				A9E422811F86B4FD0028B4CA /* TabStackingLayout.swift in Sources */,
				A9B99797203791DB00841404 /* SearchViewController.swift in Sources */,
				A98483281EEFCFE200E821AE /* ColorToolbarView.swift in Sources */,
				A92095931EE36483009497A2 /* DismissableTabCell.swift in Sources */,
				A92095951EE3E0DA009497A2 /* ToolbarTouchView.swift in Sources */,
				A925E3E820486A62005778A0 /* SearchTextView.swift in Sources */,
				A985F89B20831361007A726A /* HistoryTreeViewController.swift in Sources */,
				A92095971EE3E2AF009497A2 /* ToolbarIconButton.swift in Sources */,
				A97CB0721EC53DCD005DDBD1 /* BrowserViewController.swift in Sources */,
				A908F04C1ECD03B800A74241 /* ColorStatusBarView.swift in Sources */,
				A9447A2D2027F48000654572 /* TypeaheadProvider.swift in Sources */,
				A98466731FF0F9170009FC12 /* Utils.swift in Sources */,
				A97CB0701EC53DCD005DDBD1 /* AppDelegate.swift in Sources */,
				A97BF8311EF3B5B900B9ECB4 /* BrowserViewController+WKUIDelegate.swift in Sources */,
				A907DBAE205DB7A6009554C9 /* WebViewManager.swift in Sources */,
				A907DBAA205CFAB4009554C9 /* Visit+snapshot.swift in Sources */,
				A969D4A51F1321EC008A7BC6 /* Constants.swift in Sources */,
				A92095911EE34CDC009497A2 /* TabSwitcherViewController.swift in Sources */,
				A92095841ED90E7B009497A2 /* Blocker.swift in Sources */,
				A9E4859D1EC8D7BE0021D155 /* WebviewColorSampler.swift in Sources */,
				A95DFFBF205B6A8F00D540DD /* HistoryManager.swift in Sources */,
				A92C9C391EF5D66B00D8AAA3 /* BrowserViewController+WKNavigationDelegate.swift in Sources */,
				A9EF36D51F4A6451005112E2 /* WKWebview+Toolbar.swift in Sources */,
				A9DEAE3D1F16C15700CF66BA /* BrowserToolbarView.swift in Sources */,
				A9526D4D1ED238C300A73A8A /* WebNavigationController.swift in Sources */,
				A9A88DE92015C64F007FC6C0 /* GradientView.swift in Sources */,
				A92095881ED9E3C0009497A2 /* SettingsTableViewCell.swift in Sources */,
				A920958F1EDF4AB8009497A2 /* StackAnimatedTransitioning.swift in Sources */,
				A9F9D7C02050B8BA000BA8A3 /* DuckSearchProvider.swift in Sources */,
				A95DFF7E205B2FB700D540DD /* HistoryModel.xcdatamodeld in Sources */,
				A907DBAC205DB055009554C9 /* Tab+Extensions.swift in Sources */,
				A9AA4A581FF72471001AB639 /* PlaceholderView.swift in Sources */,
				A908920A1ED547C500A5E9BA /* ToolbarSearchField.swift in Sources */,
				A920958A1EDA6526009497A2 /* Settings.swift in Sources */,
				A966CA64204003FC00EB2771 /* TypeaheadCell.swift in Sources */,
				A925E3EA204CCE2B005778A0 /* PlainBlurView.swift in Sources */,
				A90ED966201EDB26003F4831 /* FloatButton.swift in Sources */,
				A9F9D7C42050B93A000BA8A3 /* SearchProvider.swift in Sources */,
				A985F89D20831FD5007A726A /* HistoryTreeLayout.swift in Sources */,
				A9BED7BD1F4E23430012B34F /* GradientColorChangeView.swift in Sources */,
				A92095861ED9E242009497A2 /* SettingsViewController.swift in Sources */,
				A9667E94205339B500295E76 /* BlobCollectionViewLayout.swift in Sources */,
				A95DFF7720575FDF00D540DD /* SpringSwitch.swift in Sources */,
				A94FE4211ECA661700ED48DB /* Sampler.swift in Sources */,
				A9210D511F0148E600904A0B /* URL+DisplayHost.swift in Sources */,
				A9F9D7C22050B8F3000BA8A3 /* GoogleSearchProvider.swift in Sources */,
				A99328471F098E270045EBAA /* ToolbarTextButton.swift in Sources */,
				A94FE41F1ECA5A7400ED48DB /* UIColorExtensions.swift in Sources */,
				A9667E922051F90400295E76 /* PinboardLoginController.swift in Sources */,
				A95DFF7520575F2500D540DD /* UIView+POP.swift in Sources */,
				A9F9D7BB204E0BAF000BA8A3 /* PageActionView.swift in Sources */,
				A907DBA8205C9C5C009554C9 /* Blend.swift in Sources */,
			);
			runOnlyForDeploymentPostprocessing = 0;
		};
		A97CB07C1EC53DCD005DDBD1 /* Sources */ = {
			isa = PBXSourcesBuildPhase;
			buildActionMask = 2147483647;
			files = (
				A97CB0851EC53DCD005DDBD1 /* browseTests.swift in Sources */,
			);
			runOnlyForDeploymentPostprocessing = 0;
		};
		A97CB0871EC53DCD005DDBD1 /* Sources */ = {
			isa = PBXSourcesBuildPhase;
			buildActionMask = 2147483647;
			files = (
				A97CB0901EC53DCD005DDBD1 /* browseUITests.swift in Sources */,
			);
			runOnlyForDeploymentPostprocessing = 0;
		};
/* End PBXSourcesBuildPhase section */

/* Begin PBXTargetDependency section */
		A97CB0821EC53DCD005DDBD1 /* PBXTargetDependency */ = {
			isa = PBXTargetDependency;
			target = A97CB06B1EC53DCC005DDBD1 /* browse */;
			targetProxy = A97CB0811EC53DCD005DDBD1 /* PBXContainerItemProxy */;
		};
		A97CB08D1EC53DCD005DDBD1 /* PBXTargetDependency */ = {
			isa = PBXTargetDependency;
			target = A97CB06B1EC53DCC005DDBD1 /* browse */;
			targetProxy = A97CB08C1EC53DCD005DDBD1 /* PBXContainerItemProxy */;
		};
/* End PBXTargetDependency section */

/* Begin PBXVariantGroup section */
		A97CB0731EC53DCD005DDBD1 /* Main.storyboard */ = {
			isa = PBXVariantGroup;
			children = (
				A97CB0741EC53DCD005DDBD1 /* Base */,
			);
			name = Main.storyboard;
			sourceTree = "<group>";
		};
/* End PBXVariantGroup section */

/* Begin XCBuildConfiguration section */
		A97CB0921EC53DCD005DDBD1 /* Debug */ = {
			isa = XCBuildConfiguration;
			buildSettings = {
				ALWAYS_SEARCH_USER_PATHS = NO;
				CLANG_ANALYZER_NONNULL = YES;
				CLANG_CXX_LANGUAGE_STANDARD = "gnu++0x";
				CLANG_CXX_LIBRARY = "libc++";
				CLANG_ENABLE_MODULES = YES;
				CLANG_ENABLE_OBJC_ARC = YES;
				CLANG_WARN_BLOCK_CAPTURE_AUTORELEASING = YES;
				CLANG_WARN_BOOL_CONVERSION = YES;
				CLANG_WARN_COMMA = YES;
				CLANG_WARN_CONSTANT_CONVERSION = YES;
				CLANG_WARN_DEPRECATED_OBJC_IMPLEMENTATIONS = YES;
				CLANG_WARN_DIRECT_OBJC_ISA_USAGE = YES_ERROR;
				CLANG_WARN_DOCUMENTATION_COMMENTS = YES;
				CLANG_WARN_EMPTY_BODY = YES;
				CLANG_WARN_ENUM_CONVERSION = YES;
				CLANG_WARN_INFINITE_RECURSION = YES;
				CLANG_WARN_INT_CONVERSION = YES;
				CLANG_WARN_NON_LITERAL_NULL_CONVERSION = YES;
				CLANG_WARN_OBJC_IMPLICIT_RETAIN_SELF = YES;
				CLANG_WARN_OBJC_LITERAL_CONVERSION = YES;
				CLANG_WARN_OBJC_ROOT_CLASS = YES_ERROR;
				CLANG_WARN_RANGE_LOOP_ANALYSIS = YES;
				CLANG_WARN_STRICT_PROTOTYPES = YES;
				CLANG_WARN_SUSPICIOUS_MOVE = YES;
				CLANG_WARN_UNREACHABLE_CODE = YES;
				CLANG_WARN__DUPLICATE_METHOD_MATCH = YES;
				"CODE_SIGN_IDENTITY[sdk=iphoneos*]" = "iPhone Developer";
				COPY_PHASE_STRIP = NO;
				DEBUG_INFORMATION_FORMAT = dwarf;
				ENABLE_STRICT_OBJC_MSGSEND = YES;
				ENABLE_TESTABILITY = YES;
				GCC_C_LANGUAGE_STANDARD = gnu99;
				GCC_DYNAMIC_NO_PIC = NO;
				GCC_NO_COMMON_BLOCKS = YES;
				GCC_OPTIMIZATION_LEVEL = 0;
				GCC_PREPROCESSOR_DEFINITIONS = (
					"DEBUG=1",
					"$(inherited)",
				);
				GCC_WARN_64_TO_32_BIT_CONVERSION = YES;
				GCC_WARN_ABOUT_RETURN_TYPE = YES_ERROR;
				GCC_WARN_UNDECLARED_SELECTOR = YES;
				GCC_WARN_UNINITIALIZED_AUTOS = YES_AGGRESSIVE;
				GCC_WARN_UNUSED_FUNCTION = YES;
				GCC_WARN_UNUSED_VARIABLE = YES;
				IPHONEOS_DEPLOYMENT_TARGET = 10.2;
				MTL_ENABLE_DEBUG_INFO = YES;
				ONLY_ACTIVE_ARCH = YES;
				SDKROOT = iphoneos;
				SWIFT_ACTIVE_COMPILATION_CONDITIONS = DEBUG;
				SWIFT_OPTIMIZATION_LEVEL = "-Onone";
				TARGETED_DEVICE_FAMILY = "1,2";
			};
			name = Debug;
		};
		A97CB0931EC53DCD005DDBD1 /* Release */ = {
			isa = XCBuildConfiguration;
			buildSettings = {
				ALWAYS_SEARCH_USER_PATHS = NO;
				CLANG_ANALYZER_NONNULL = YES;
				CLANG_CXX_LANGUAGE_STANDARD = "gnu++0x";
				CLANG_CXX_LIBRARY = "libc++";
				CLANG_ENABLE_MODULES = YES;
				CLANG_ENABLE_OBJC_ARC = YES;
				CLANG_WARN_BLOCK_CAPTURE_AUTORELEASING = YES;
				CLANG_WARN_BOOL_CONVERSION = YES;
				CLANG_WARN_COMMA = YES;
				CLANG_WARN_CONSTANT_CONVERSION = YES;
				CLANG_WARN_DEPRECATED_OBJC_IMPLEMENTATIONS = YES;
				CLANG_WARN_DIRECT_OBJC_ISA_USAGE = YES_ERROR;
				CLANG_WARN_DOCUMENTATION_COMMENTS = YES;
				CLANG_WARN_EMPTY_BODY = YES;
				CLANG_WARN_ENUM_CONVERSION = YES;
				CLANG_WARN_INFINITE_RECURSION = YES;
				CLANG_WARN_INT_CONVERSION = YES;
				CLANG_WARN_NON_LITERAL_NULL_CONVERSION = YES;
				CLANG_WARN_OBJC_IMPLICIT_RETAIN_SELF = YES;
				CLANG_WARN_OBJC_LITERAL_CONVERSION = YES;
				CLANG_WARN_OBJC_ROOT_CLASS = YES_ERROR;
				CLANG_WARN_RANGE_LOOP_ANALYSIS = YES;
				CLANG_WARN_STRICT_PROTOTYPES = YES;
				CLANG_WARN_SUSPICIOUS_MOVE = YES;
				CLANG_WARN_UNREACHABLE_CODE = YES;
				CLANG_WARN__DUPLICATE_METHOD_MATCH = YES;
				"CODE_SIGN_IDENTITY[sdk=iphoneos*]" = "iPhone Developer";
				COPY_PHASE_STRIP = NO;
				DEBUG_INFORMATION_FORMAT = "dwarf-with-dsym";
				ENABLE_NS_ASSERTIONS = NO;
				ENABLE_STRICT_OBJC_MSGSEND = YES;
				GCC_C_LANGUAGE_STANDARD = gnu99;
				GCC_NO_COMMON_BLOCKS = YES;
				GCC_WARN_64_TO_32_BIT_CONVERSION = YES;
				GCC_WARN_ABOUT_RETURN_TYPE = YES_ERROR;
				GCC_WARN_UNDECLARED_SELECTOR = YES;
				GCC_WARN_UNINITIALIZED_AUTOS = YES_AGGRESSIVE;
				GCC_WARN_UNUSED_FUNCTION = YES;
				GCC_WARN_UNUSED_VARIABLE = YES;
				IPHONEOS_DEPLOYMENT_TARGET = 10.2;
				MTL_ENABLE_DEBUG_INFO = NO;
				SDKROOT = iphoneos;
				SWIFT_OPTIMIZATION_LEVEL = "-Owholemodule";
				TARGETED_DEVICE_FAMILY = "1,2";
				VALIDATE_PRODUCT = YES;
			};
			name = Release;
		};
		A97CB0951EC53DCD005DDBD1 /* Debug */ = {
			isa = XCBuildConfiguration;
			baseConfigurationReference = EAFEEFBF73AF0DFBC3AD7745 /* Pods-browse.debug.xcconfig */;
			buildSettings = {
				ASSETCATALOG_COMPILER_APPICON_NAME = AppIcon;
				DEVELOPMENT_TEAM = DJXSN639VG;
				INFOPLIST_FILE = browse/Info.plist;
				IPHONEOS_DEPLOYMENT_TARGET = 11.0;
				LD_RUNPATH_SEARCH_PATHS = "$(inherited) @executable_path/Frameworks";
				PRODUCT_BUNDLE_IDENTIFIER = evn.browser;
				PRODUCT_NAME = "$(TARGET_NAME)";
				SWIFT_OBJC_BRIDGING_HEADER = "browse/Bridging-Header.h";
				SWIFT_SWIFT3_OBJC_INFERENCE = Default;
				SWIFT_VERSION = 4.0;
			};
			name = Debug;
		};
		A97CB0961EC53DCD005DDBD1 /* Release */ = {
			isa = XCBuildConfiguration;
			baseConfigurationReference = 08DF207E4D450D465A7942EE /* Pods-browse.release.xcconfig */;
			buildSettings = {
				ASSETCATALOG_COMPILER_APPICON_NAME = AppIcon;
				DEVELOPMENT_TEAM = DJXSN639VG;
				INFOPLIST_FILE = browse/Info.plist;
				IPHONEOS_DEPLOYMENT_TARGET = 11.0;
				LD_RUNPATH_SEARCH_PATHS = "$(inherited) @executable_path/Frameworks";
				PRODUCT_BUNDLE_IDENTIFIER = evn.browser;
				PRODUCT_NAME = "$(TARGET_NAME)";
				SWIFT_OBJC_BRIDGING_HEADER = "browse/Bridging-Header.h";
				SWIFT_SWIFT3_OBJC_INFERENCE = Default;
				SWIFT_VERSION = 4.0;
			};
			name = Release;
		};
		A97CB0981EC53DCD005DDBD1 /* Debug */ = {
			isa = XCBuildConfiguration;
			baseConfigurationReference = 9F545EFABCF9F87A9BBE6214 /* Pods-browseTests.debug.xcconfig */;
			buildSettings = {
				ALWAYS_EMBED_SWIFT_STANDARD_LIBRARIES = YES;
				BUNDLE_LOADER = "$(TEST_HOST)";
				INFOPLIST_FILE = browseTests/Info.plist;
				LD_RUNPATH_SEARCH_PATHS = "$(inherited) @executable_path/Frameworks @loader_path/Frameworks";
				PRODUCT_BUNDLE_IDENTIFIER = evn.browseTests;
				PRODUCT_NAME = "$(TARGET_NAME)";
				SWIFT_SWIFT3_OBJC_INFERENCE = On;
				SWIFT_VERSION = 4.0;
				TEST_HOST = "$(BUILT_PRODUCTS_DIR)/browse.app/browse";
			};
			name = Debug;
		};
		A97CB0991EC53DCD005DDBD1 /* Release */ = {
			isa = XCBuildConfiguration;
			baseConfigurationReference = 40A80C7A995610D856E3CE48 /* Pods-browseTests.release.xcconfig */;
			buildSettings = {
				ALWAYS_EMBED_SWIFT_STANDARD_LIBRARIES = YES;
				BUNDLE_LOADER = "$(TEST_HOST)";
				INFOPLIST_FILE = browseTests/Info.plist;
				LD_RUNPATH_SEARCH_PATHS = "$(inherited) @executable_path/Frameworks @loader_path/Frameworks";
				PRODUCT_BUNDLE_IDENTIFIER = evn.browseTests;
				PRODUCT_NAME = "$(TARGET_NAME)";
				SWIFT_SWIFT3_OBJC_INFERENCE = On;
				SWIFT_VERSION = 4.0;
				TEST_HOST = "$(BUILT_PRODUCTS_DIR)/browse.app/browse";
			};
			name = Release;
		};
		A97CB09B1EC53DCD005DDBD1 /* Debug */ = {
			isa = XCBuildConfiguration;
			baseConfigurationReference = 113B5A3B285AC3BEAA0A45AF /* Pods-browseUITests.debug.xcconfig */;
			buildSettings = {
				ALWAYS_EMBED_SWIFT_STANDARD_LIBRARIES = YES;
				INFOPLIST_FILE = browseUITests/Info.plist;
				LD_RUNPATH_SEARCH_PATHS = "$(inherited) @executable_path/Frameworks @loader_path/Frameworks";
				PRODUCT_BUNDLE_IDENTIFIER = evn.browseUITests;
				PRODUCT_NAME = "$(TARGET_NAME)";
				SWIFT_SWIFT3_OBJC_INFERENCE = On;
				SWIFT_VERSION = 4.0;
				TEST_TARGET_NAME = browse;
			};
			name = Debug;
		};
		A97CB09C1EC53DCD005DDBD1 /* Release */ = {
			isa = XCBuildConfiguration;
			baseConfigurationReference = 4259AE736B0E478FAD4CD3D8 /* Pods-browseUITests.release.xcconfig */;
			buildSettings = {
				ALWAYS_EMBED_SWIFT_STANDARD_LIBRARIES = YES;
				INFOPLIST_FILE = browseUITests/Info.plist;
				LD_RUNPATH_SEARCH_PATHS = "$(inherited) @executable_path/Frameworks @loader_path/Frameworks";
				PRODUCT_BUNDLE_IDENTIFIER = evn.browseUITests;
				PRODUCT_NAME = "$(TARGET_NAME)";
				SWIFT_SWIFT3_OBJC_INFERENCE = On;
				SWIFT_VERSION = 4.0;
				TEST_TARGET_NAME = browse;
			};
			name = Release;
		};
/* End XCBuildConfiguration section */

/* Begin XCConfigurationList section */
		A97CB0671EC53DCC005DDBD1 /* Build configuration list for PBXProject "browse" */ = {
			isa = XCConfigurationList;
			buildConfigurations = (
				A97CB0921EC53DCD005DDBD1 /* Debug */,
				A97CB0931EC53DCD005DDBD1 /* Release */,
			);
			defaultConfigurationIsVisible = 0;
			defaultConfigurationName = Release;
		};
		A97CB0941EC53DCD005DDBD1 /* Build configuration list for PBXNativeTarget "browse" */ = {
			isa = XCConfigurationList;
			buildConfigurations = (
				A97CB0951EC53DCD005DDBD1 /* Debug */,
				A97CB0961EC53DCD005DDBD1 /* Release */,
			);
			defaultConfigurationIsVisible = 0;
			defaultConfigurationName = Release;
		};
		A97CB0971EC53DCD005DDBD1 /* Build configuration list for PBXNativeTarget "browseTests" */ = {
			isa = XCConfigurationList;
			buildConfigurations = (
				A97CB0981EC53DCD005DDBD1 /* Debug */,
				A97CB0991EC53DCD005DDBD1 /* Release */,
			);
			defaultConfigurationIsVisible = 0;
			defaultConfigurationName = Release;
		};
		A97CB09A1EC53DCD005DDBD1 /* Build configuration list for PBXNativeTarget "browseUITests" */ = {
			isa = XCConfigurationList;
			buildConfigurations = (
				A97CB09B1EC53DCD005DDBD1 /* Debug */,
				A97CB09C1EC53DCD005DDBD1 /* Release */,
			);
			defaultConfigurationIsVisible = 0;
			defaultConfigurationName = Release;
		};
/* End XCConfigurationList section */

/* Begin XCVersionGroup section */
		A95DFF7C205B2FB700D540DD /* HistoryModel.xcdatamodeld */ = {
			isa = XCVersionGroup;
			children = (
				A95DFF7D205B2FB700D540DD /* HistoryModel.xcdatamodel */,
			);
			currentVersion = A95DFF7D205B2FB700D540DD /* HistoryModel.xcdatamodel */;
			path = HistoryModel.xcdatamodeld;
			sourceTree = "<group>";
			versionGroupType = wrapper.xcdatamodel;
		};
/* End XCVersionGroup section */
	};
	rootObject = A97CB0641EC53DCC005DDBD1 /* Project object */;
}
